
Microsoft Visual Studio Solution File, Format Version 12.00
# Visual Studio 15
VisualStudioVersion = 15.0.28307.1267
MinimumVisualStudioVersion = 10.0.40219.1
Project("{FAE04EC0-301F-11D3-BF4B-00C04F79EFBC}") = "GeziRaberi", "GeziRaberi\GeziRaberi.csproj", "{2412072C-0E0F-444A-ADA2-A08D1942AE45}"
EndProject
Global
	GlobalSection(SolutionConfigurationPlatforms) = preSolution
		Debug|Any CPU = Debug|Any CPU
		Release|Any CPU = Release|Any CPU
	EndGlobalSection
	GlobalSection(ProjectConfigurationPlatforms) = postSolution
		{2412072C-0E0F-444A-ADA2-A08D1942AE45}.Debug|Any CPU.ActiveCfg = Debug|Any CPU
		{2412072C-0E0F-444A-ADA2-A08D1942AE45}.Debug|Any CPU.Build.0 = Debug|Any CPU
		{2412072C-0E0F-444A-ADA2-A08D1942AE45}.Release|Any CPU.ActiveCfg = Release|Any CPU
		{2412072C-0E0F-444A-ADA2-A08D1942AE45}.Release|Any CPU.Build.0 = Release|Any CPU
	EndGlobalSection
	GlobalSection(SolutionProperties) = preSolution
		HideSolutionNode = FALSE
	EndGlobalSection
	GlobalSection(ExtensibilityGlobals) = postSolution
		SolutionGuid = {742BD352-43EF-4BF7-AAA2-4F6C4DE76B50}
	EndGlobalSection
EndGlobal
